
Microsoft Visual Studio Solution File, Format Version 12.00
# Visual Studio Version 16
VisualStudioVersion = 16.0.30114.105
MinimumVisualStudioVersion = 10.0.40219.1
Project("{FAE04EC0-301F-11D3-BF4B-00C04F79EFBC}") = "BinarySearch", "BinarySearch\BinarySearch.csproj", "{A1BA8C3B-BE76-47EE-8BEF-91D17D61BB35}"
EndProject
Project("{FAE04EC0-301F-11D3-BF4B-00C04F79EFBC}") = "NumberGenerator", "NumberGenerator\NumberGenerator.csproj", "{6E8841E9-959A-4F5B-8232-81906570124D}"
EndProject
Project("{FAE04EC0-301F-11D3-BF4B-00C04F79EFBC}") = "Shared", "Shared\Shared.csproj", "{31DBC78D-2D6F-4E7A-A052-DC75647661E8}"
EndProject
Global
	GlobalSection(SolutionConfigurationPlatforms) = preSolution
		Debug|Any CPU = Debug|Any CPU
		Release|Any CPU = Release|Any CPU
	EndGlobalSection
	GlobalSection(SolutionProperties) = preSolution
		HideSolutionNode = FALSE
	EndGlobalSection
	GlobalSection(ProjectConfigurationPlatforms) = postSolution
		{A1BA8C3B-BE76-47EE-8BEF-91D17D61BB35}.Debug|Any CPU.ActiveCfg = Debug|Any CPU
		{A1BA8C3B-BE76-47EE-8BEF-91D17D61BB35}.Debug|Any CPU.Build.0 = Debug|Any CPU
		{A1BA8C3B-BE76-47EE-8BEF-91D17D61BB35}.Release|Any CPU.ActiveCfg = Release|Any CPU
		{A1BA8C3B-BE76-47EE-8BEF-91D17D61BB35}.Release|Any CPU.Build.0 = Release|Any CPU
		{6E8841E9-959A-4F5B-8232-81906570124D}.Debug|Any CPU.ActiveCfg = Debug|Any CPU
		{6E8841E9-959A-4F5B-8232-81906570124D}.Debug|Any CPU.Build.0 = Debug|Any CPU
		{6E8841E9-959A-4F5B-8232-81906570124D}.Release|Any CPU.ActiveCfg = Release|Any CPU
		{6E8841E9-959A-4F5B-8232-81906570124D}.Release|Any CPU.Build.0 = Release|Any CPU
		{31DBC78D-2D6F-4E7A-A052-DC75647661E8}.Debug|Any CPU.ActiveCfg = Debug|Any CPU
		{31DBC78D-2D6F-4E7A-A052-DC75647661E8}.Debug|Any CPU.Build.0 = Debug|Any CPU
		{31DBC78D-2D6F-4E7A-A052-DC75647661E8}.Release|Any CPU.ActiveCfg = Release|Any CPU
		{31DBC78D-2D6F-4E7A-A052-DC75647661E8}.Release|Any CPU.Build.0 = Release|Any CPU
	EndGlobalSection
EndGlobal
